
Microsoft Visual Studio Solution File, Format Version 12.00
# Visual Studio Version 17
VisualStudioVersion = 17.7.34031.279
MinimumVisualStudioVersion = 10.0.40219.1
Project("{FAE04EC0-301F-11D3-BF4B-00C04F79EFBC}") = "ToDoBA", "ToDoBA\ToDoBA.csproj", "{CAAAE44C-501A-49DA-B57B-C8416D2D33F0}"
EndProject
Global
	GlobalSection(SolutionConfigurationPlatforms) = preSolution
		Debug|Any CPU = Debug|Any CPU
		Release|Any CPU = Release|Any CPU
	EndGlobalSection
	GlobalSection(ProjectConfigurationPlatforms) = postSolution
		{CAAAE44C-501A-49DA-B57B-C8416D2D33F0}.Debug|Any CPU.ActiveCfg = Debug|Any CPU
		{CAAAE44C-501A-49DA-B57B-C8416D2D33F0}.Debug|Any CPU.Build.0 = Debug|Any CPU
		{CAAAE44C-501A-49DA-B57B-C8416D2D33F0}.Release|Any CPU.ActiveCfg = Release|Any CPU
		{CAAAE44C-501A-49DA-B57B-C8416D2D33F0}.Release|Any CPU.Build.0 = Release|Any CPU
	EndGlobalSection
	GlobalSection(SolutionProperties) = preSolution
		HideSolutionNode = FALSE
	EndGlobalSection
	GlobalSection(ExtensibilityGlobals) = postSolution
		SolutionGuid = {C637C4BD-48FD-47EA-B8EE-3438C787F443}
	EndGlobalSection
EndGlobal
